
Microsoft Visual Studio Solution File, Format Version 12.00
# Visual Studio Version 17
VisualStudioVersion = 17.13.35825.156
MinimumVisualStudioVersion = 10.0.40219.1
Project("{FAE04EC0-301F-11D3-BF4B-00C04F79EFBC}") = "PortfolioXI", "PortfolioXI.csproj", "{13D6971B-FB0B-4317-B502-BE3FB4A4D87F}"
EndProject
Global
	GlobalSection(SolutionConfigurationPlatforms) = preSolution
		Debug|Any CPU = Debug|Any CPU
		Release|Any CPU = Release|Any CPU
	EndGlobalSection
	GlobalSection(ProjectConfigurationPlatforms) = postSolution
		{13D6971B-FB0B-4317-B502-BE3FB4A4D87F}.Debug|Any CPU.ActiveCfg = Debug|Any CPU
		{13D6971B-FB0B-4317-B502-BE3FB4A4D87F}.Debug|Any CPU.Build.0 = Debug|Any CPU
		{13D6971B-FB0B-4317-B502-BE3FB4A4D87F}.Release|Any CPU.ActiveCfg = Release|Any CPU
		{13D6971B-FB0B-4317-B502-BE3FB4A4D87F}.Release|Any CPU.Build.0 = Release|Any CPU
	EndGlobalSection
	GlobalSection(SolutionProperties) = preSolution
		HideSolutionNode = FALSE
	EndGlobalSection
	GlobalSection(ExtensibilityGlobals) = postSolution
		SolutionGuid = {448421F3-CAF5-44AE-9CE4-9AF040ADF8F9}
	EndGlobalSection
EndGlobal
